{
  "name": "@gstack-vibehard/installer",
  "version": "3.0.8",
  "lockfileVersion": 3,
  "requires": true,
  "packages": {
    "": {
      "name": "@gstack-vibehard/installer",
      "version": "3.0.8",
      "license": "MIT",
      "dependencies": {
        "smol-toml": "^1.6.1"
      },
      "bin": {
        "gstack_vibehard": "src/index.js"
      },
      "engines": {
        "node": ">=18"
      },
      "peerDependencies": {
        "@agentmemory/agentmemory": "0.x",
        "fallow": "0.x"
      },
      "peerDependenciesMeta": {
        "@agentmemory/agentmemory": {
          "optional": true
        },
        "fallow": {
          "optional": true
        }
      }
    },
    "node_modules/smol-toml": {
      "version": "1.6.1",
      "resolved": "https://registry.npmjs.org/smol-toml/-/smol-toml-1.6.1.tgz",
      "integrity": "sha512-dWUG8F5sIIARXih1DTaQAX4SsiTXhInKf1buxdY9DIg4ZYPZK5nGM1VRIYmEbDbsHt7USo99xSLFu5Q1IqTmsg==",
      "license": "BSD-3-Clause",
      "engines": {
        "node": ">= 18"
      },
      "funding": {
        "url": "https://github.com/sponsors/cyyynthia"
      }
    }
  }
}
